
Microsoft Visual Studio Solution File, Format Version 12.00
# Visual Studio Version 17
VisualStudioVersion = 17.7.34202.233
MinimumVisualStudioVersion = 10.0.40219.1
Project("{8BC9CEB8-8B4A-11D0-8D11-00A0C91BC942}") = "lab8", "lab8.vcxproj", "{68844B0E-0934-444D-9AEF-9AB5587DD630}"
EndProject
Global
	GlobalSection(SolutionConfigurationPlatforms) = preSolution
		Debug|x64 = Debug|x64
		Debug|x86 = Debug|x86
		Release|x64 = Release|x64
		Release|x86 = Release|x86
	EndGlobalSection
	GlobalSection(ProjectConfigurationPlatforms) = postSolution
		{68844B0E-0934-444D-9AEF-9AB5587DD630}.Debug|x64.ActiveCfg = Debug|x64
		{68844B0E-0934-444D-9AEF-9AB5587DD630}.Debug|x64.Build.0 = Debug|x64
		{68844B0E-0934-444D-9AEF-9AB5587DD630}.Debug|x86.ActiveCfg = Debug|Win32
		{68844B0E-0934-444D-9AEF-9AB5587DD630}.Debug|x86.Build.0 = Debug|Win32
		{68844B0E-0934-444D-9AEF-9AB5587DD630}.Release|x64.ActiveCfg = Release|x64
		{68844B0E-0934-444D-9AEF-9AB5587DD630}.Release|x64.Build.0 = Release|x64
		{68844B0E-0934-444D-9AEF-9AB5587DD630}.Release|x86.ActiveCfg = Release|Win32
		{68844B0E-0934-444D-9AEF-9AB5587DD630}.Release|x86.Build.0 = Release|Win32
	EndGlobalSection
	GlobalSection(SolutionProperties) = preSolution
		HideSolutionNode = FALSE
	EndGlobalSection
	GlobalSection(ExtensibilityGlobals) = postSolution
		SolutionGuid = {7BB5F58A-3BBD-4109-A051-F427F73D2EBA}
	EndGlobalSection
EndGlobal
