
Microsoft Visual Studio Solution File, Format Version 12.00
# Visual Studio Version 17
VisualStudioVersion = 17.8.34408.163
MinimumVisualStudioVersion = 10.0.40219.1
Project("{8BC9CEB8-8B4A-11D0-8D11-00A0C91BC942}") = "pz4", "pz4.vcxproj", "{547D7B0C-DA17-4C78-BE43-9DCB620C05BB}"
EndProject
Global
	GlobalSection(SolutionConfigurationPlatforms) = preSolution
		Debug|x64 = Debug|x64
		Debug|x86 = Debug|x86
		Release|x64 = Release|x64
		Release|x86 = Release|x86
	EndGlobalSection
	GlobalSection(ProjectConfigurationPlatforms) = postSolution
		{547D7B0C-DA17-4C78-BE43-9DCB620C05BB}.Debug|x64.ActiveCfg = Debug|x64
		{547D7B0C-DA17-4C78-BE43-9DCB620C05BB}.Debug|x64.Build.0 = Debug|x64
		{547D7B0C-DA17-4C78-BE43-9DCB620C05BB}.Debug|x86.ActiveCfg = Debug|Win32
		{547D7B0C-DA17-4C78-BE43-9DCB620C05BB}.Debug|x86.Build.0 = Debug|Win32
		{547D7B0C-DA17-4C78-BE43-9DCB620C05BB}.Release|x64.ActiveCfg = Release|x64
		{547D7B0C-DA17-4C78-BE43-9DCB620C05BB}.Release|x64.Build.0 = Release|x64
		{547D7B0C-DA17-4C78-BE43-9DCB620C05BB}.Release|x86.ActiveCfg = Release|Win32
		{547D7B0C-DA17-4C78-BE43-9DCB620C05BB}.Release|x86.Build.0 = Release|Win32
	EndGlobalSection
	GlobalSection(SolutionProperties) = preSolution
		HideSolutionNode = FALSE
	EndGlobalSection
	GlobalSection(ExtensibilityGlobals) = postSolution
		SolutionGuid = {31779150-DC21-433E-8B46-6F3D89D056F9}
	EndGlobalSection
EndGlobal
