
Microsoft Visual Studio Solution File, Format Version 12.00
# Visual Studio Version 17
VisualStudioVersion = 17.7.34202.233
MinimumVisualStudioVersion = 10.0.40219.1
Project("{8BC9CEB8-8B4A-11D0-8D11-00A0C91BC942}") = "lab9_2", "lab9_2.vcxproj", "{B6BA0F32-3FAA-48E1-B3A8-D2FDEAC90DCC}"
EndProject
Global
	GlobalSection(SolutionConfigurationPlatforms) = preSolution
		Debug|x64 = Debug|x64
		Debug|x86 = Debug|x86
		Release|x64 = Release|x64
		Release|x86 = Release|x86
	EndGlobalSection
	GlobalSection(ProjectConfigurationPlatforms) = postSolution
		{B6BA0F32-3FAA-48E1-B3A8-D2FDEAC90DCC}.Debug|x64.ActiveCfg = Debug|x64
		{B6BA0F32-3FAA-48E1-B3A8-D2FDEAC90DCC}.Debug|x64.Build.0 = Debug|x64
		{B6BA0F32-3FAA-48E1-B3A8-D2FDEAC90DCC}.Debug|x86.ActiveCfg = Debug|Win32
		{B6BA0F32-3FAA-48E1-B3A8-D2FDEAC90DCC}.Debug|x86.Build.0 = Debug|Win32
		{B6BA0F32-3FAA-48E1-B3A8-D2FDEAC90DCC}.Release|x64.ActiveCfg = Release|x64
		{B6BA0F32-3FAA-48E1-B3A8-D2FDEAC90DCC}.Release|x64.Build.0 = Release|x64
		{B6BA0F32-3FAA-48E1-B3A8-D2FDEAC90DCC}.Release|x86.ActiveCfg = Release|Win32
		{B6BA0F32-3FAA-48E1-B3A8-D2FDEAC90DCC}.Release|x86.Build.0 = Release|Win32
	EndGlobalSection
	GlobalSection(SolutionProperties) = preSolution
		HideSolutionNode = FALSE
	EndGlobalSection
	GlobalSection(ExtensibilityGlobals) = postSolution
		SolutionGuid = {DB46E08A-B47C-4EC1-ABB8-5F30C61F6A24}
	EndGlobalSection
EndGlobal
