
Microsoft Visual Studio Solution File, Format Version 12.00
# Visual Studio Version 17
VisualStudioVersion = 17.8.34408.163
MinimumVisualStudioVersion = 10.0.40219.1
Project("{8BC9CEB8-8B4A-11D0-8D11-00A0C91BC942}") = "pz2", "pz2.vcxproj", "{7D4C6C18-CED6-424E-A91C-07D1EE4D4330}"
EndProject
Global
	GlobalSection(SolutionConfigurationPlatforms) = preSolution
		Debug|x64 = Debug|x64
		Debug|x86 = Debug|x86
		Release|x64 = Release|x64
		Release|x86 = Release|x86
	EndGlobalSection
	GlobalSection(ProjectConfigurationPlatforms) = postSolution
		{7D4C6C18-CED6-424E-A91C-07D1EE4D4330}.Debug|x64.ActiveCfg = Debug|x64
		{7D4C6C18-CED6-424E-A91C-07D1EE4D4330}.Debug|x64.Build.0 = Debug|x64
		{7D4C6C18-CED6-424E-A91C-07D1EE4D4330}.Debug|x86.ActiveCfg = Debug|Win32
		{7D4C6C18-CED6-424E-A91C-07D1EE4D4330}.Debug|x86.Build.0 = Debug|Win32
		{7D4C6C18-CED6-424E-A91C-07D1EE4D4330}.Release|x64.ActiveCfg = Release|x64
		{7D4C6C18-CED6-424E-A91C-07D1EE4D4330}.Release|x64.Build.0 = Release|x64
		{7D4C6C18-CED6-424E-A91C-07D1EE4D4330}.Release|x86.ActiveCfg = Release|Win32
		{7D4C6C18-CED6-424E-A91C-07D1EE4D4330}.Release|x86.Build.0 = Release|Win32
	EndGlobalSection
	GlobalSection(SolutionProperties) = preSolution
		HideSolutionNode = FALSE
	EndGlobalSection
	GlobalSection(ExtensibilityGlobals) = postSolution
		SolutionGuid = {9022FBB9-DD16-4EED-8B5C-7C413951ABB6}
	EndGlobalSection
EndGlobal
